
Microsoft Visual Studio Solution File, Format Version 12.00
# Visual Studio Version 16
VisualStudioVersion = 16.0.31624.102
MinimumVisualStudioVersion = 10.0.40219.1
Project("{FAE04EC0-301F-11D3-BF4B-00C04F79EFBC}") = "CRUD", "CRUD.csproj", "{D913A208-ADAD-40B5-9257-367E13691B72}"
EndProject
Project("{2150E333-8FDC-42A3-9474-1A3956D46DE8}") = "1.-Interfaz grafica", "1.-Interfaz grafica", "{CD162E95-73AC-46A6-A46E-1A8C08952EB3}"
EndProject
Project("{2150E333-8FDC-42A3-9474-1A3956D46DE8}") = "2.-Validaciones", "2.-Validaciones", "{C151A2E6-AA82-4310-ADE2-8E9A78DDEA89}"
EndProject
Project("{2150E333-8FDC-42A3-9474-1A3956D46DE8}") = "3.-Base de datos", "3.-Base de datos", "{B1E63439-7DA8-4B1E-8937-B0174C63BD12}"
EndProject
Project("{FAE04EC0-301F-11D3-BF4B-00C04F79EFBC}") = "Conexion_base_datos", "..\Conexion_base_datos\Conexion_base_datos.csproj", "{CE870100-6782-43C6-984D-1F938584D2DA}"
EndProject
Project("{FAE04EC0-301F-11D3-BF4B-00C04F79EFBC}") = "Validar", "..\Validar\Validar.csproj", "{EFD8B573-7AC7-47DF-958E-7BA9087667EA}"
EndProject
Global
	GlobalSection(SolutionConfigurationPlatforms) = preSolution
		Debug|Any CPU = Debug|Any CPU
		Release|Any CPU = Release|Any CPU
	EndGlobalSection
	GlobalSection(ProjectConfigurationPlatforms) = postSolution
		{D913A208-ADAD-40B5-9257-367E13691B72}.Debug|Any CPU.ActiveCfg = Debug|Any CPU
		{D913A208-ADAD-40B5-9257-367E13691B72}.Debug|Any CPU.Build.0 = Debug|Any CPU
		{D913A208-ADAD-40B5-9257-367E13691B72}.Release|Any CPU.ActiveCfg = Release|Any CPU
		{D913A208-ADAD-40B5-9257-367E13691B72}.Release|Any CPU.Build.0 = Release|Any CPU
		{CE870100-6782-43C6-984D-1F938584D2DA}.Debug|Any CPU.ActiveCfg = Debug|Any CPU
		{CE870100-6782-43C6-984D-1F938584D2DA}.Debug|Any CPU.Build.0 = Debug|Any CPU
		{CE870100-6782-43C6-984D-1F938584D2DA}.Release|Any CPU.ActiveCfg = Release|Any CPU
		{CE870100-6782-43C6-984D-1F938584D2DA}.Release|Any CPU.Build.0 = Release|Any CPU
		{EFD8B573-7AC7-47DF-958E-7BA9087667EA}.Debug|Any CPU.ActiveCfg = Debug|Any CPU
		{EFD8B573-7AC7-47DF-958E-7BA9087667EA}.Debug|Any CPU.Build.0 = Debug|Any CPU
		{EFD8B573-7AC7-47DF-958E-7BA9087667EA}.Release|Any CPU.ActiveCfg = Release|Any CPU
		{EFD8B573-7AC7-47DF-958E-7BA9087667EA}.Release|Any CPU.Build.0 = Release|Any CPU
	EndGlobalSection
	GlobalSection(SolutionProperties) = preSolution
		HideSolutionNode = FALSE
	EndGlobalSection
	GlobalSection(NestedProjects) = preSolution
		{D913A208-ADAD-40B5-9257-367E13691B72} = {CD162E95-73AC-46A6-A46E-1A8C08952EB3}
		{CE870100-6782-43C6-984D-1F938584D2DA} = {B1E63439-7DA8-4B1E-8937-B0174C63BD12}
		{EFD8B573-7AC7-47DF-958E-7BA9087667EA} = {C151A2E6-AA82-4310-ADE2-8E9A78DDEA89}
	EndGlobalSection
	GlobalSection(ExtensibilityGlobals) = postSolution
		SolutionGuid = {C8171BC4-E8DC-436F-A503-0956211F1109}
	EndGlobalSection
EndGlobal
