
Microsoft Visual Studio Solution File, Format Version 12.00
# Visual Studio Version 16
VisualStudioVersion = 16.0.31624.102
MinimumVisualStudioVersion = 10.0.40219.1
Project("{FAE04EC0-301F-11D3-BF4B-00C04F79EFBC}") = "1.- Interfaz Grafica", "Interfaz Grafica\1.- Interfaz Grafica.csproj", "{38EDC4AE-A82E-4AA7-A450-8B12D766DCBD}"
EndProject
Project("{FAE04EC0-301F-11D3-BF4B-00C04F79EFBC}") = "2.-Validaciones", "Validaciones\2.-Validaciones.csproj", "{60888D60-7496-43E4-A1F8-AB1E234F3562}"
EndProject
Project("{FAE04EC0-301F-11D3-BF4B-00C04F79EFBC}") = "3.- BaseDatos", "BaseDatos\3.- BaseDatos.csproj", "{727C69BA-CFC7-4F1D-BCA4-84643DF24DBF}"
EndProject
Global
	GlobalSection(SolutionConfigurationPlatforms) = preSolution
		Debug|Any CPU = Debug|Any CPU
		Release|Any CPU = Release|Any CPU
	EndGlobalSection
	GlobalSection(ProjectConfigurationPlatforms) = postSolution
		{38EDC4AE-A82E-4AA7-A450-8B12D766DCBD}.Debug|Any CPU.ActiveCfg = Debug|Any CPU
		{38EDC4AE-A82E-4AA7-A450-8B12D766DCBD}.Debug|Any CPU.Build.0 = Debug|Any CPU
		{38EDC4AE-A82E-4AA7-A450-8B12D766DCBD}.Release|Any CPU.ActiveCfg = Release|Any CPU
		{38EDC4AE-A82E-4AA7-A450-8B12D766DCBD}.Release|Any CPU.Build.0 = Release|Any CPU
		{60888D60-7496-43E4-A1F8-AB1E234F3562}.Debug|Any CPU.ActiveCfg = Debug|Any CPU
		{60888D60-7496-43E4-A1F8-AB1E234F3562}.Debug|Any CPU.Build.0 = Debug|Any CPU
		{60888D60-7496-43E4-A1F8-AB1E234F3562}.Release|Any CPU.ActiveCfg = Release|Any CPU
		{60888D60-7496-43E4-A1F8-AB1E234F3562}.Release|Any CPU.Build.0 = Release|Any CPU
		{727C69BA-CFC7-4F1D-BCA4-84643DF24DBF}.Debug|Any CPU.ActiveCfg = Debug|Any CPU
		{727C69BA-CFC7-4F1D-BCA4-84643DF24DBF}.Debug|Any CPU.Build.0 = Debug|Any CPU
		{727C69BA-CFC7-4F1D-BCA4-84643DF24DBF}.Release|Any CPU.ActiveCfg = Release|Any CPU
		{727C69BA-CFC7-4F1D-BCA4-84643DF24DBF}.Release|Any CPU.Build.0 = Release|Any CPU
	EndGlobalSection
	GlobalSection(SolutionProperties) = preSolution
		HideSolutionNode = FALSE
	EndGlobalSection
	GlobalSection(ExtensibilityGlobals) = postSolution
		SolutionGuid = {B55FEF43-AD62-437A-993B-B2BA1DA7D45F}
	EndGlobalSection
EndGlobal
